
Microsoft Visual Studio Solution File, Format Version 12.00
# Visual Studio 15
VisualStudioVersion = 15.0.27703.2026
MinimumVisualStudioVersion = 10.0.40219.1
Project("{FAE04EC0-301F-11D3-BF4B-00C04F79EFBC}") = "MyMVCDemo", "MyMVCDemo\MyMVCDemo.csproj", "{F170EFF9-C6B2-426E-A706-1C40BC09237E}"
EndProject
Project("{FAE04EC0-301F-11D3-BF4B-00C04F79EFBC}") = "NUnit.UITests", "NUnit.UITests\NUnit.UITests.csproj", "{8EDF4429-251A-416D-BB68-93F227191BCF}"
EndProject
Project("{FAE04EC0-301F-11D3-BF4B-00C04F79EFBC}") = "ThreadError.Test", "ThreadError.Test\ThreadError.Test.csproj", "{CD8D9D2E-536E-4A9F-A768-F70288E2AD79}"
EndProject
Project("{FAE04EC0-301F-11D3-BF4B-00C04F79EFBC}") = "ExceptionCatch.Test", "ExceptionCatch.Test\ExceptionCatch.Test.csproj", "{8473D8A1-8038-497A-9592-10B49A54A364}"
EndProject
Global
	GlobalSection(SolutionConfigurationPlatforms) = preSolution
		Debug|Any CPU = Debug|Any CPU
		Release|Any CPU = Release|Any CPU
	EndGlobalSection
	GlobalSection(ProjectConfigurationPlatforms) = postSolution
		{F170EFF9-C6B2-426E-A706-1C40BC09237E}.Debug|Any CPU.ActiveCfg = Debug|Any CPU
		{F170EFF9-C6B2-426E-A706-1C40BC09237E}.Debug|Any CPU.Build.0 = Debug|Any CPU
		{F170EFF9-C6B2-426E-A706-1C40BC09237E}.Release|Any CPU.ActiveCfg = Release|Any CPU
		{F170EFF9-C6B2-426E-A706-1C40BC09237E}.Release|Any CPU.Build.0 = Release|Any CPU
		{8EDF4429-251A-416D-BB68-93F227191BCF}.Debug|Any CPU.ActiveCfg = Debug|Any CPU
		{8EDF4429-251A-416D-BB68-93F227191BCF}.Debug|Any CPU.Build.0 = Debug|Any CPU
		{8EDF4429-251A-416D-BB68-93F227191BCF}.Release|Any CPU.ActiveCfg = Release|Any CPU
		{8EDF4429-251A-416D-BB68-93F227191BCF}.Release|Any CPU.Build.0 = Release|Any CPU
		{CD8D9D2E-536E-4A9F-A768-F70288E2AD79}.Debug|Any CPU.ActiveCfg = Debug|Any CPU
		{CD8D9D2E-536E-4A9F-A768-F70288E2AD79}.Debug|Any CPU.Build.0 = Debug|Any CPU
		{CD8D9D2E-536E-4A9F-A768-F70288E2AD79}.Release|Any CPU.ActiveCfg = Release|Any CPU
		{CD8D9D2E-536E-4A9F-A768-F70288E2AD79}.Release|Any CPU.Build.0 = Release|Any CPU
		{8473D8A1-8038-497A-9592-10B49A54A364}.Debug|Any CPU.ActiveCfg = Debug|Any CPU
		{8473D8A1-8038-497A-9592-10B49A54A364}.Debug|Any CPU.Build.0 = Debug|Any CPU
		{8473D8A1-8038-497A-9592-10B49A54A364}.Release|Any CPU.ActiveCfg = Release|Any CPU
		{8473D8A1-8038-497A-9592-10B49A54A364}.Release|Any CPU.Build.0 = Release|Any CPU
	EndGlobalSection
	GlobalSection(SolutionProperties) = preSolution
		HideSolutionNode = FALSE
	EndGlobalSection
	GlobalSection(ExtensibilityGlobals) = postSolution
		SolutionGuid = {E54D4CD3-135F-4A65-9BEC-3127F6D1B77A}
	EndGlobalSection
EndGlobal
